
Microsoft Visual Studio Solution File, Format Version 12.00
# Visual Studio 15
VisualStudioVersion = 15.0.28010.2016
MinimumVisualStudioVersion = 10.0.40219.1
Project("{FAE04EC0-301F-11D3-BF4B-00C04F79EFBC}") = "LogAnalysis", "LogAnalysis\LogAnalysis.csproj", "{18B74966-1773-4ACE-9C69-E4969BAA948E}"
EndProject
Global
	GlobalSection(SolutionConfigurationPlatforms) = preSolution
		Debug|Any CPU = Debug|Any CPU
		Release|Any CPU = Release|Any CPU
	EndGlobalSection
	GlobalSection(ProjectConfigurationPlatforms) = postSolution
		{18B74966-1773-4ACE-9C69-E4969BAA948E}.Debug|Any CPU.ActiveCfg = Debug|Any CPU
		{18B74966-1773-4ACE-9C69-E4969BAA948E}.Debug|Any CPU.Build.0 = Debug|Any CPU
		{18B74966-1773-4ACE-9C69-E4969BAA948E}.Release|Any CPU.ActiveCfg = Release|Any CPU
		{18B74966-1773-4ACE-9C69-E4969BAA948E}.Release|Any CPU.Build.0 = Release|Any CPU
	EndGlobalSection
	GlobalSection(SolutionProperties) = preSolution
		HideSolutionNode = FALSE
	EndGlobalSection
	GlobalSection(ExtensibilityGlobals) = postSolution
		SolutionGuid = {035F2115-243A-4595-9010-8F4F75F4754E}
	EndGlobalSection
EndGlobal
